
Microsoft Visual Studio Solution File, Format Version 12.00
# Visual Studio Version 17
VisualStudioVersion = 17.9.34622.214
MinimumVisualStudioVersion = 10.0.40219.1
Project("{F184B08F-C81C-45F6-A57F-5ABD9991F28F}") = "Praktikum1-revisi", "Praktikum1-revisi.vbproj", "{A8DE081A-CB6E-4332-B1F5-D86F51EE7CF5}"
EndProject
Global
	GlobalSection(SolutionConfigurationPlatforms) = preSolution
		Debug|Any CPU = Debug|Any CPU
		Release|Any CPU = Release|Any CPU
	EndGlobalSection
	GlobalSection(ProjectConfigurationPlatforms) = postSolution
		{A8DE081A-CB6E-4332-B1F5-D86F51EE7CF5}.Debug|Any CPU.ActiveCfg = Debug|Any CPU
		{A8DE081A-CB6E-4332-B1F5-D86F51EE7CF5}.Debug|Any CPU.Build.0 = Debug|Any CPU
		{A8DE081A-CB6E-4332-B1F5-D86F51EE7CF5}.Release|Any CPU.ActiveCfg = Release|Any CPU
		{A8DE081A-CB6E-4332-B1F5-D86F51EE7CF5}.Release|Any CPU.Build.0 = Release|Any CPU
	EndGlobalSection
	GlobalSection(SolutionProperties) = preSolution
		HideSolutionNode = FALSE
	EndGlobalSection
	GlobalSection(ExtensibilityGlobals) = postSolution
		SolutionGuid = {D8FCA365-4CD4-4C12-AF4D-EEFAB3DE53B3}
	EndGlobalSection
EndGlobal
